// !$*UTF8*$!
{
	archiveVersion = 1;
	classes = {
	};
	objectVersion = 50;
	objects = {

/* Begin PBXBuildFile section */
		A2AC614B218C90D1002B59A8 /* AppDelegate.swift in Sources */ = {isa = PBXBuildFile; fileRef = A2AC614A218C90D1002B59A8 /* AppDelegate.swift */; };
		A2AC614D218C90D1002B59A8 /* ViewController.swift in Sources */ = {isa = PBXBuildFile; fileRef = A2AC614C218C90D1002B59A8 /* ViewController.swift */; };
		A2AC6150218C90D1002B59A8 /* Main.storyboard in Resources */ = {isa = PBXBuildFile; fileRef = A2AC614E218C90D1002B59A8 /* Main.storyboard */; };
		A2AC6152218C90D4002B59A8 /* Assets.xcassets in Resources */ = {isa = PBXBuildFile; fileRef = A2AC6151218C90D4002B59A8 /* Assets.xcassets */; };
		A2AC6155218C90D4002B59A8 /* LaunchScreen.storyboard in Resources */ = {isa = PBXBuildFile; fileRef = A2AC6153218C90D4002B59A8 /* LaunchScreen.storyboard */; };
		A2AC6160218C90D4002B59A8 /* TicTacToeTests.swift in Sources */ = {isa = PBXBuildFile; fileRef = A2AC615F218C90D4002B59A8 /* TicTacToeTests.swift */; };
		A2AC616B218C90D5002B59A8 /* TicTacToeUITests.swift in Sources */ = {isa = PBXBuildFile; fileRef = A2AC616A218C90D5002B59A8 /* TicTacToeUITests.swift */; };
/* End PBXBuildFile section */

/* Begin PBXContainerItemProxy section */
		A2AC615C218C90D4002B59A8 /* PBXContainerItemProxy */ = {
			isa = PBXContainerItemProxy;
			containerPortal = A2AC613F218C90D1002B59A8 /* Project object */;
			proxyType = 1;
			remoteGlobalIDString = A2AC6146218C90D1002B59A8;
			remoteInfo = TicTacToe;
		};
		A2AC6167218C90D5002B59A8 /* PBXContainerItemProxy */ = {
			isa = PBXContainerItemProxy;
			containerPortal = A2AC613F218C90D1002B59A8 /* Project object */;
			proxyType = 1;
			remoteGlobalIDString = A2AC6146218C90D1002B59A8;
			remoteInfo = TicTacToe;
		};
/* End PBXContainerItemProxy section */

/* Begin PBXFileReference section */
		A2AC6147218C90D1002B59A8 /* TicTacToe.app */ = {isa = PBXFileReference; explicitFileType = wrapper.application; includeInIndex = 0; path = TicTacToe.app; sourceTree = BUILT_PRODUCTS_DIR; };
		A2AC614A218C90D1002B59A8 /* AppDelegate.swift */ = {isa = PBXFileReference; lastKnownFileType = sourcecode.swift; path = AppDelegate.swift; sourceTree = "<group>"; };
		A2AC614C218C90D1002B59A8 /* ViewController.swift */ = {isa = PBXFileReference; lastKnownFileType = sourcecode.swift; path = ViewController.swift; sourceTree = "<group>"; };
		A2AC614F218C90D1002B59A8 /* Base */ = {isa = PBXFileReference; lastKnownFileType = file.storyboard; name = Base; path = Base.lproj/Main.storyboard; sourceTree = "<group>"; };
		A2AC6151218C90D4002B59A8 /* Assets.xcassets */ = {isa = PBXFileReference; lastKnownFileType = folder.assetcatalog; path = Assets.xcassets; sourceTree = "<group>"; };
		A2AC6154218C90D4002B59A8 /* Base */ = {isa = PBXFileReference; lastKnownFileType = file.storyboard; name = Base; path = Base.lproj/LaunchScreen.storyboard; sourceTree = "<group>"; };
		A2AC6156218C90D4002B59A8 /* Info.plist */ = {isa = PBXFileReference; lastKnownFileType = text.plist.xml; path = Info.plist; sourceTree = "<group>"; };
		A2AC615B218C90D4002B59A8 /* TicTacToeTests.xctest */ = {isa = PBXFileReference; explicitFileType = wrapper.cfbundle; includeInIndex = 0; path = TicTacToeTests.xctest; sourceTree = BUILT_PRODUCTS_DIR; };
		A2AC615F218C90D4002B59A8 /* TicTacToeTests.swift */ = {isa = PBXFileReference; lastKnownFileType = sourcecode.swift; path = TicTacToeTests.swift; sourceTree = "<group>"; };
		A2AC6161218C90D5002B59A8 /* Info.plist */ = {isa = PBXFileReference; lastKnownFileType = text.plist.xml; path = Info.plist; sourceTree = "<group>"; };
		A2AC6166218C90D5002B59A8 /* TicTacToeUITests.xctest */ = {isa = PBXFileReference; explicitFileType = wrapper.cfbundle; includeInIndex = 0; path = TicTacToeUITests.xctest; sourceTree = BUILT_PRODUCTS_DIR; };
		A2AC616A218C90D5002B59A8 /* TicTacToeUITests.swift */ = {isa = PBXFileReference; lastKnownFileType = sourcecode.swift; path = TicTacToeUITests.swift; sourceTree = "<group>"; };
		A2AC616C218C90D5002B59A8 /* Info.plist */ = {isa = PBXFileReference; lastKnownFileType = text.plist.xml; path = Info.plist; sourceTree = "<group>"; };
/* End PBXFileReference section */

/* Begin PBXFrameworksBuildPhase section */
		A2AC6144218C90D1002B59A8 /* Frameworks */ = {
			isa = PBXFrameworksBuildPhase;
			buildActionMask = 2147483647;
			files = (
			);
			runOnlyForDeploymentPostprocessing = 0;
		};
		A2AC6158218C90D4002B59A8 /* Frameworks */ = {
			isa = PBXFrameworksBuildPhase;
			buildActionMask = 2147483647;
			files = (
			);
			runOnlyForDeploymentPostprocessing = 0;
		};
		A2AC6163218C90D5002B59A8 /* Frameworks */ = {
			isa = PBXFrameworksBuildPhase;
			buildActionMask = 2147483647;
			files = (
			);
			runOnlyForDeploymentPostprocessing = 0;
		};
/* End PBXFrameworksBuildPhase section */

/* Begin PBXGroup section */
		A2AC613E218C90D1002B59A8 = {
			isa = PBXGroup;
			children = (
				A2AC6149218C90D1002B59A8 /* TicTacToe */,
				A2AC615E218C90D4002B59A8 /* TicTacToeTests */,
				A2AC6169218C90D5002B59A8 /* TicTacToeUITests */,
				A2AC6148218C90D1002B59A8 /* Products */,
			);
			sourceTree = "<group>";
		};
		A2AC6148218C90D1002B59A8 /* Products */ = {
			isa = PBXGroup;
			children = (
				A2AC6147218C90D1002B59A8 /* TicTacToe.app */,
				A2AC615B218C90D4002B59A8 /* TicTacToeTests.xctest */,
				A2AC6166218C90D5002B59A8 /* TicTacToeUITests.xctest */,
			);
			name = Products;
			sourceTree = "<group>";
		};
		A2AC6149218C90D1002B59A8 /* TicTacToe */ = {
			isa = PBXGroup;
			children = (
				A2AC614A218C90D1002B59A8 /* AppDelegate.swift */,
				A2AC614C218C90D1002B59A8 /* ViewController.swift */,
				A2AC614E218C90D1002B59A8 /* Main.storyboard */,
				A2AC6151218C90D4002B59A8 /* Assets.xcassets */,
				A2AC6153218C90D4002B59A8 /* LaunchScreen.storyboard */,
				A2AC6156218C90D4002B59A8 /* Info.plist */,
			);
			path = TicTacToe;
			sourceTree = "<group>";
		};
		A2AC615E218C90D4002B59A8 /* TicTacToeTests */ = {
			isa = PBXGroup;
			children = (
				A2AC615F218C90D4002B59A8 /* TicTacToeTests.swift */,
				A2AC6161218C90D5002B59A8 /* Info.plist */,
			);
			path = TicTacToeTests;
			sourceTree = "<group>";
		};
		A2AC6169218C90D5002B59A8 /* TicTacToeUITests */ = {
			isa = PBXGroup;
			children = (
				A2AC616A218C90D5002B59A8 /* TicTacToeUITests.swift */,
				A2AC616C218C90D5002B59A8 /* Info.plist */,
			);
			path = TicTacToeUITests;
			sourceTree = "<group>";
		};
/* End PBXGroup section */

/* Begin PBXNativeTarget section */
		A2AC6146218C90D1002B59A8 /* TicTacToe */ = {
			isa = PBXNativeTarget;
			buildConfigurationList = A2AC616F218C90D5002B59A8 /* Build configuration list for PBXNativeTarget "TicTacToe" */;
			buildPhases = (
				A2AC6143218C90D1002B59A8 /* Sources */,
				A2AC6144218C90D1002B59A8 /* Frameworks */,
				A2AC6145218C90D1002B59A8 /* Resources */,
			);
			buildRules = (
			);
			dependencies = (
			);
			name = TicTacToe;
			productName = TicTacToe;
			productReference = A2AC6147218C90D1002B59A8 /* TicTacToe.app */;
			productType = "com.apple.product-type.application";
		};
		A2AC615A218C90D4002B59A8 /* TicTacToeTests */ = {
			isa = PBXNativeTarget;
			buildConfigurationList = A2AC6172218C90D5002B59A8 /* Build configuration list for PBXNativeTarget "TicTacToeTests" */;
			buildPhases = (
				A2AC6157218C90D4002B59A8 /* Sources */,
				A2AC6158218C90D4002B59A8 /* Frameworks */,
				A2AC6159218C90D4002B59A8 /* Resources */,
			);
			buildRules = (
			);
			dependencies = (
				A2AC615D218C90D4002B59A8 /* PBXTargetDependency */,
			);
			name = TicTacToeTests;
			productName = TicTacToeTests;
			productReference = A2AC615B218C90D4002B59A8 /* TicTacToeTests.xctest */;
			productType = "com.apple.product-type.bundle.unit-test";
		};
		A2AC6165218C90D5002B59A8 /* TicTacToeUITests */ = {
			isa = PBXNativeTarget;
			buildConfigurationList = A2AC6175218C90D5002B59A8 /* Build configuration list for PBXNativeTarget "TicTacToeUITests" */;
			buildPhases = (
				A2AC6162218C90D5002B59A8 /* Sources */,
				A2AC6163218C90D5002B59A8 /* Frameworks */,
				A2AC6164218C90D5002B59A8 /* Resources */,
			);
			buildRules = (
			);
			dependencies = (
				A2AC6168218C90D5002B59A8 /* PBXTargetDependency */,
			);
			name = TicTacToeUITests;
			productName = TicTacToeUITests;
			productReference = A2AC6166218C90D5002B59A8 /* TicTacToeUITests.xctest */;
			productType = "com.apple.product-type.bundle.ui-testing";
		};
/* End PBXNativeTarget section */

/* Begin PBXProject section */
		A2AC613F218C90D1002B59A8 /* Project object */ = {
			isa = PBXProject;
			attributes = {
				LastSwiftUpdateCheck = 1000;
				LastUpgradeCheck = 1000;
				ORGANIZATIONNAME = "Ekta Sharma";
				TargetAttributes = {
					A2AC6146218C90D1002B59A8 = {
						CreatedOnToolsVersion = 10.0;
					};
					A2AC615A218C90D4002B59A8 = {
						CreatedOnToolsVersion = 10.0;
						TestTargetID = A2AC6146218C90D1002B59A8;
					};
					A2AC6165218C90D5002B59A8 = {
						CreatedOnToolsVersion = 10.0;
						TestTargetID = A2AC6146218C90D1002B59A8;
					};
				};
			};
			buildConfigurationList = A2AC6142218C90D1002B59A8 /* Build configuration list for PBXProject "TicTacToe" */;
			compatibilityVersion = "Xcode 9.3";
			developmentRegion = en;
			hasScannedForEncodings = 0;
			knownRegions = (
				en,
				Base,
			);
			mainGroup = A2AC613E218C90D1002B59A8;
			productRefGroup = A2AC6148218C90D1002B59A8 /* Products */;
			projectDirPath = "";
			projectRoot = "";
			targets = (
				A2AC6146218C90D1002B59A8 /* TicTacToe */,
				A2AC615A218C90D4002B59A8 /* TicTacToeTests */,
				A2AC6165218C90D5002B59A8 /* TicTacToeUITests */,
			);
		};
/* End PBXProject section */

/* Begin PBXResourcesBuildPhase section */
		A2AC6145218C90D1002B59A8 /* Resources */ = {
			isa = PBXResourcesBuildPhase;
			buildActionMask = 2147483647;
			files = (
				A2AC6155218C90D4002B59A8 /* LaunchScreen.storyboard in Resources */,
				A2AC6152218C90D4002B59A8 /* Assets.xcassets in Resources */,
				A2AC6150218C90D1002B59A8 /* Main.storyboard in Resources */,
			);
			runOnlyForDeploymentPostprocessing = 0;
		};
		A2AC6159218C90D4002B59A8 /* Resources */ = {
			isa = PBXResourcesBuildPhase;
			buildActionMask = 2147483647;
			files = (
			);
			runOnlyForDeploymentPostprocessing = 0;
		};
		A2AC6164218C90D5002B59A8 /* Resources */ = {
			isa = PBXResourcesBuildPhase;
			buildActionMask = 2147483647;
			files = (
			);
			runOnlyForDeploymentPostprocessing = 0;
		};
/* End PBXResourcesBuildPhase section */

/* Begin PBXSourcesBuildPhase section */
		A2AC6143218C90D1002B59A8 /* Sources */ = {
			isa = PBXSourcesBuildPhase;
			buildActionMask = 2147483647;
			files = (
				A2AC614D218C90D1002B59A8 /* ViewController.swift in Sources */,
				A2AC614B218C90D1002B59A8 /* AppDelegate.swift in Sources */,
			);
			runOnlyForDeploymentPostprocessing = 0;
		};
		A2AC6157218C90D4002B59A8 /* Sources */ = {
			isa = PBXSourcesBuildPhase;
			buildActionMask = 2147483647;
			files = (
				A2AC6160218C90D4002B59A8 /* TicTacToeTests.swift in Sources */,
			);
			runOnlyForDeploymentPostprocessing = 0;
		};
		A2AC6162218C90D5002B59A8 /* Sources */ = {
			isa = PBXSourcesBuildPhase;
			buildActionMask = 2147483647;
			files = (
				A2AC616B218C90D5002B59A8 /* TicTacToeUITests.swift in Sources */,
			);
			runOnlyForDeploymentPostprocessing = 0;
		};
/* End PBXSourcesBuildPhase section */

/* Begin PBXTargetDependency section */
		A2AC615D218C90D4002B59A8 /* PBXTargetDependency */ = {
			isa = PBXTargetDependency;
			target = A2AC6146218C90D1002B59A8 /* TicTacToe */;
			targetProxy = A2AC615C218C90D4002B59A8 /* PBXContainerItemProxy */;
		};
		A2AC6168218C90D5002B59A8 /* PBXTargetDependency */ = {
			isa = PBXTargetDependency;
			target = A2AC6146218C90D1002B59A8 /* TicTacToe */;
			targetProxy = A2AC6167218C90D5002B59A8 /* PBXContainerItemProxy */;
		};
/* End PBXTargetDependency section */

/* Begin PBXVariantGroup section */
		A2AC614E218C90D1002B59A8 /* Main.storyboard */ = {
			isa = PBXVariantGroup;
			children = (
				A2AC614F218C90D1002B59A8 /* Base */,
			);
			name = Main.storyboard;
			sourceTree = "<group>";
		};
		A2AC6153218C90D4002B59A8 /* LaunchScreen.storyboard */ = {
			isa = PBXVariantGroup;
			children = (
				A2AC6154218C90D4002B59A8 /* Base */,
			);
			name = LaunchScreen.storyboard;
			sourceTree = "<group>";
		};
/* End PBXVariantGroup section */

/* Begin XCBuildConfiguration section */
		A2AC616D218C90D5002B59A8 /* Debug */ = {
			isa = XCBuildConfiguration;
			buildSettings = {
				ALWAYS_SEARCH_USER_PATHS = NO;
				CLANG_ANALYZER_NONNULL = YES;
				CLANG_ANALYZER_NUMBER_OBJECT_CONVERSION = YES_AGGRESSIVE;
				CLANG_CXX_LANGUAGE_STANDARD = "gnu++14";
				CLANG_CXX_LIBRARY = "libc++";
				CLANG_ENABLE_MODULES = YES;
				CLANG_ENABLE_OBJC_ARC = YES;
				CLANG_ENABLE_OBJC_WEAK = YES;
				CLANG_WARN_BLOCK_CAPTURE_AUTORELEASING = YES;
				CLANG_WARN_BOOL_CONVERSION = YES;
				CLANG_WARN_COMMA = YES;
				CLANG_WARN_CONSTANT_CONVERSION = YES;
				CLANG_WARN_DEPRECATED_OBJC_IMPLEMENTATIONS = YES;
				CLANG_WARN_DIRECT_OBJC_ISA_USAGE = YES_ERROR;
				CLANG_WARN_DOCUMENTATION_COMMENTS = YES;
				CLANG_WARN_EMPTY_BODY = YES;
				CLANG_WARN_ENUM_CONVERSION = YES;
				CLANG_WARN_INFINITE_RECURSION = YES;
				CLANG_WARN_INT_CONVERSION = YES;
				CLANG_WARN_NON_LITERAL_NULL_CONVERSION = YES;
				CLANG_WARN_OBJC_IMPLICIT_RETAIN_SELF = YES;
				CLANG_WARN_OBJC_LITERAL_CONVERSION = YES;
				CLANG_WARN_OBJC_ROOT_CLASS = YES_ERROR;
				CLANG_WARN_RANGE_LOOP_ANALYSIS = YES;
				CLANG_WARN_STRICT_PROTOTYPES = YES;
				CLANG_WARN_SUSPICIOUS_MOVE = YES;
				CLANG_WARN_UNGUARDED_AVAILABILITY = YES_AGGRESSIVE;
				CLANG_WARN_UNREACHABLE_CODE = YES;
				CLANG_WARN__DUPLICATE_METHOD_MATCH = YES;
				CODE_SIGN_IDENTITY = "iPhone Developer";
				COPY_PHASE_STRIP = NO;
				DEBUG_INFORMATION_FORMAT = dwarf;
				ENABLE_STRICT_OBJC_MSGSEND = YES;
				ENABLE_TESTABILITY = YES;
				GCC_C_LANGUAGE_STANDARD = gnu11;
				GCC_DYNAMIC_NO_PIC = NO;
				GCC_NO_COMMON_BLOCKS = YES;
				GCC_OPTIMIZATION_LEVEL = 0;
				GCC_PREPROCESSOR_DEFINITIONS = (
					"DEBUG=1",
					"$(inherited)",
				);
				GCC_WARN_64_TO_32_BIT_CONVERSION = YES;
				GCC_WARN_ABOUT_RETURN_TYPE = YES_ERROR;
				GCC_WARN_UNDECLARED_SELECTOR = YES;
				GCC_WARN_UNINITIALIZED_AUTOS = YES_AGGRESSIVE;
				GCC_WARN_UNUSED_FUNCTION = YES;
				GCC_WARN_UNUSED_VARIABLE = YES;
				IPHONEOS_DEPLOYMENT_TARGET = 12.0;
				MTL_ENABLE_DEBUG_INFO = INCLUDE_SOURCE;
				MTL_FAST_MATH = YES;
				ONLY_ACTIVE_ARCH = YES;
				SDKROOT = iphoneos;
				SWIFT_ACTIVE_COMPILATION_CONDITIONS = DEBUG;
				SWIFT_OPTIMIZATION_LEVEL = "-Onone";
			};
			name = Debug;
		};
		A2AC616E218C90D5002B59A8 /* Release */ = {
			isa = XCBuildConfiguration;
			buildSettings = {
				ALWAYS_SEARCH_USER_PATHS = NO;
				CLANG_ANALYZER_NONNULL = YES;
				CLANG_ANALYZER_NUMBER_OBJECT_CONVERSION = YES_AGGRESSIVE;
				CLANG_CXX_LANGUAGE_STANDARD = "gnu++14";
				CLANG_CXX_LIBRARY = "libc++";
				CLANG_ENABLE_MODULES = YES;
				CLANG_ENABLE_OBJC_ARC = YES;
				CLANG_ENABLE_OBJC_WEAK = YES;
				CLANG_WARN_BLOCK_CAPTURE_AUTORELEASING = YES;
				CLANG_WARN_BOOL_CONVERSION = YES;
				CLANG_WARN_COMMA = YES;
				CLANG_WARN_CONSTANT_CONVERSION = YES;
				CLANG_WARN_DEPRECATED_OBJC_IMPLEMENTATIONS = YES;
				CLANG_WARN_DIRECT_OBJC_ISA_USAGE = YES_ERROR;
				CLANG_WARN_DOCUMENTATION_COMMENTS = YES;
				CLANG_WARN_EMPTY_BODY = YES;
				CLANG_WARN_ENUM_CONVERSION = YES;
				CLANG_WARN_INFINITE_RECURSION = YES;
				CLANG_WARN_INT_CONVERSION = YES;
				CLANG_WARN_NON_LITERAL_NULL_CONVERSION = YES;
				CLANG_WARN_OBJC_IMPLICIT_RETAIN_SELF = YES;
				CLANG_WARN_OBJC_LITERAL_CONVERSION = YES;
				CLANG_WARN_OBJC_ROOT_CLASS = YES_ERROR;
				CLANG_WARN_RANGE_LOOP_ANALYSIS = YES;
				CLANG_WARN_STRICT_PROTOTYPES = YES;
				CLANG_WARN_SUSPICIOUS_MOVE = YES;
				CLANG_WARN_UNGUARDED_AVAILABILITY = YES_AGGRESSIVE;
				CLANG_WARN_UNREACHABLE_CODE = YES;
				CLANG_WARN__DUPLICATE_METHOD_MATCH = YES;
				CODE_SIGN_IDENTITY = "iPhone Developer";
				COPY_PHASE_STRIP = NO;
				DEBUG_INFORMATION_FORMAT = "dwarf-with-dsym";
				ENABLE_NS_ASSERTIONS = NO;
				ENABLE_STRICT_OBJC_MSGSEND = YES;
				GCC_C_LANGUAGE_STANDARD = gnu11;
				GCC_NO_COMMON_BLOCKS = YES;
				GCC_WARN_64_TO_32_BIT_CONVERSION = YES;
				GCC_WARN_ABOUT_RETURN_TYPE = YES_ERROR;
				GCC_WARN_UNDECLARED_SELECTOR = YES;
				GCC_WARN_UNINITIALIZED_AUTOS = YES_AGGRESSIVE;
				GCC_WARN_UNUSED_FUNCTION = YES;
				GCC_WARN_UNUSED_VARIABLE = YES;
				IPHONEOS_DEPLOYMENT_TARGET = 12.0;
				MTL_ENABLE_DEBUG_INFO = NO;
				MTL_FAST_MATH = YES;
				SDKROOT = iphoneos;
				SWIFT_COMPILATION_MODE = wholemodule;
				SWIFT_OPTIMIZATION_LEVEL = "-O";
				VALIDATE_PRODUCT = YES;
			};
			name = Release;
		};
		A2AC6170218C90D5002B59A8 /* Debug */ = {
			isa = XCBuildConfiguration;
			buildSettings = {
				ASSETCATALOG_COMPILER_APPICON_NAME = AppIcon;
				CODE_SIGN_STYLE = Automatic;
				INFOPLIST_FILE = TicTacToe/Info.plist;
				LD_RUNPATH_SEARCH_PATHS = (
					"$(inherited)",
					"@executable_path/Frameworks",
				);
				PRODUCT_BUNDLE_IDENTIFIER = com.EktaSharma.TicTacToe;
				PRODUCT_NAME = "$(TARGET_NAME)";
				SWIFT_VERSION = 4.2;
				TARGETED_DEVICE_FAMILY = "1,2";
			};
			name = Debug;
		};
		A2AC6171218C90D5002B59A8 /* Release */ = {
			isa = XCBuildConfiguration;
			buildSettings = {
				ASSETCATALOG_COMPILER_APPICON_NAME = AppIcon;
				CODE_SIGN_STYLE = Automatic;
				INFOPLIST_FILE = TicTacToe/Info.plist;
				LD_RUNPATH_SEARCH_PATHS = (
					"$(inherited)",
					"@executable_path/Frameworks",
				);
				PRODUCT_BUNDLE_IDENTIFIER = com.EktaSharma.TicTacToe;
				PRODUCT_NAME = "$(TARGET_NAME)";
				SWIFT_VERSION = 4.2;
				TARGETED_DEVICE_FAMILY = "1,2";
			};
			name = Release;
		};
		A2AC6173218C90D5002B59A8 /* Debug */ = {
			isa = XCBuildConfiguration;
			buildSettings = {
				ALWAYS_EMBED_SWIFT_STANDARD_LIBRARIES = YES;
				BUNDLE_LOADER = "$(TEST_HOST)";
				CODE_SIGN_STYLE = Automatic;
				INFOPLIST_FILE = TicTacToeTests/Info.plist;
				LD_RUNPATH_SEARCH_PATHS = (
					"$(inherited)",
					"@executable_path/Frameworks",
					"@loader_path/Frameworks",
				);
				PRODUCT_BUNDLE_IDENTIFIER = com.EktaSharma.TicTacToeTests;
				PRODUCT_NAME = "$(TARGET_NAME)";
				SWIFT_VERSION = 4.2;
				TARGETED_DEVICE_FAMILY = "1,2";
				TEST_HOST = "$(BUILT_PRODUCTS_DIR)/TicTacToe.app/TicTacToe";
			};
			name = Debug;
		};
		A2AC6174218C90D5002B59A8 /* Release */ = {
			isa = XCBuildConfiguration;
			buildSettings = {
				ALWAYS_EMBED_SWIFT_STANDARD_LIBRARIES = YES;
				BUNDLE_LOADER = "$(TEST_HOST)";
				CODE_SIGN_STYLE = Automatic;
				INFOPLIST_FILE = TicTacToeTests/Info.plist;
				LD_RUNPATH_SEARCH_PATHS = (
					"$(inherited)",
					"@executable_path/Frameworks",
					"@loader_path/Frameworks",
				);
				PRODUCT_BUNDLE_IDENTIFIER = com.EktaSharma.TicTacToeTests;
				PRODUCT_NAME = "$(TARGET_NAME)";
				SWIFT_VERSION = 4.2;
				TARGETED_DEVICE_FAMILY = "1,2";
				TEST_HOST = "$(BUILT_PRODUCTS_DIR)/TicTacToe.app/TicTacToe";
			};
			name = Release;
		};
		A2AC6176218C90D5002B59A8 /* Debug */ = {
			isa = XCBuildConfiguration;
			buildSettings = {
				ALWAYS_EMBED_SWIFT_STANDARD_LIBRARIES = YES;
				CODE_SIGN_STYLE = Automatic;
				INFOPLIST_FILE = TicTacToeUITests/Info.plist;
				LD_RUNPATH_SEARCH_PATHS = (
					"$(inherited)",
					"@executable_path/Frameworks",
					"@loader_path/Frameworks",
				);
				PRODUCT_BUNDLE_IDENTIFIER = com.EktaSharma.TicTacToeUITests;
				PRODUCT_NAME = "$(TARGET_NAME)";
				SWIFT_VERSION = 4.2;
				TARGETED_DEVICE_FAMILY = "1,2";
				TEST_TARGET_NAME = TicTacToe;
			};
			name = Debug;
		};
		A2AC6177218C90D5002B59A8 /* Release */ = {
			isa = XCBuildConfiguration;
			buildSettings = {
				ALWAYS_EMBED_SWIFT_STANDARD_LIBRARIES = YES;
				CODE_SIGN_STYLE = Automatic;
				INFOPLIST_FILE = TicTacToeUITests/Info.plist;
				LD_RUNPATH_SEARCH_PATHS = (
					"$(inherited)",
					"@executable_path/Frameworks",
					"@loader_path/Frameworks",
				);
				PRODUCT_BUNDLE_IDENTIFIER = com.EktaSharma.TicTacToeUITests;
				PRODUCT_NAME = "$(TARGET_NAME)";
				SWIFT_VERSION = 4.2;
				TARGETED_DEVICE_FAMILY = "1,2";
				TEST_TARGET_NAME = TicTacToe;
			};
			name = Release;
		};
/* End XCBuildConfiguration section */

/* Begin XCConfigurationList section */
		A2AC6142218C90D1002B59A8 /* Build configuration list for PBXProject "TicTacToe" */ = {
			isa = XCConfigurationList;
			buildConfigurations = (
				A2AC616D218C90D5002B59A8 /* Debug */,
				A2AC616E218C90D5002B59A8 /* Release */,
			);
			defaultConfigurationIsVisible = 0;
			defaultConfigurationName = Release;
		};
		A2AC616F218C90D5002B59A8 /* Build configuration list for PBXNativeTarget "TicTacToe" */ = {
			isa = XCConfigurationList;
			buildConfigurations = (
				A2AC6170218C90D5002B59A8 /* Debug */,
				A2AC6171218C90D5002B59A8 /* Release */,
			);
			defaultConfigurationIsVisible = 0;
			defaultConfigurationName = Release;
		};
		A2AC6172218C90D5002B59A8 /* Build configuration list for PBXNativeTarget "TicTacToeTests" */ = {
			isa = XCConfigurationList;
			buildConfigurations = (
				A2AC6173218C90D5002B59A8 /* Debug */,
				A2AC6174218C90D5002B59A8 /* Release */,
			);
			defaultConfigurationIsVisible = 0;
			defaultConfigurationName = Release;
		};
		A2AC6175218C90D5002B59A8 /* Build configuration list for PBXNativeTarget "TicTacToeUITests" */ = {
			isa = XCConfigurationList;
			buildConfigurations = (
				A2AC6176218C90D5002B59A8 /* Debug */,
				A2AC6177218C90D5002B59A8 /* Release */,
			);
			defaultConfigurationIsVisible = 0;
			defaultConfigurationName = Release;
		};
/* End XCConfigurationList section */
	};
	rootObject = A2AC613F218C90D1002B59A8 /* Project object */;
}
